# THIS IS AN AUTOGENERATED FILE. DO NOT EDIT THIS FILE DIRECTLY.
# yarn lockfile v1


"@fontsource/roboto@^4.5.3":
  version "4.5.8"
  resolved "https://registry.yarnpkg.com/@fontsource/roboto/-/roboto-4.5.8.tgz#56347764786079838faf43f0eeda22dd7328437f"
  integrity sha512-CnD7zLItIzt86q4Sj3kZUiLcBk1dSk81qcqgMGaZe7SQ1P8hFNxhMl5AZthK1zrDM5m74VVhaOpuMGIL4gagaA==

active_material@^2.0.1:
  version "2.0.1"
  resolved "https://registry.yarnpkg.com/active_material/-/active_material-2.0.1.tgz#c68cc679c2f0b9287f5a213e5719c58c9ceb14ee"
  integrity sha512-u/fb2UJZbLUg2uAXgPKg0b2a7fRcRhenfRjlKF3KG92YNJuveLQZiDNOg35wFLT9E0njcWOBk5XfZbTuJsnU0g==
  dependencies:
    "@fontsource/roboto" "^4.5.3"
